
Microsoft Visual Studio Solution File, Format Version 12.00
# Visual Studio Version 16
VisualStudioVersion = 16.0.31129.286
MinimumVisualStudioVersion = 10.0.40219.1
Project("{FAE04EC0-301F-11D3-BF4B-00C04F79EFBC}") = "NobleInteger", "NobleInteger\NobleInteger.csproj", "{0FD8D039-6983-4336-9922-8F5BC795FB8C}"
EndProject
Project("{FAE04EC0-301F-11D3-BF4B-00C04F79EFBC}") = "StepwiseSelectionSort", "StepwiseSelectionSort\StepwiseSelectionSort.csproj", "{9BA70B77-CC37-4824-A8A5-4381620DCFFF}"
EndProject
Global
	GlobalSection(SolutionConfigurationPlatforms) = preSolution
		Debug|Any CPU = Debug|Any CPU
		Release|Any CPU = Release|Any CPU
	EndGlobalSection
	GlobalSection(ProjectConfigurationPlatforms) = postSolution
		{0FD8D039-6983-4336-9922-8F5BC795FB8C}.Debug|Any CPU.ActiveCfg = Debug|Any CPU
		{0FD8D039-6983-4336-9922-8F5BC795FB8C}.Debug|Any CPU.Build.0 = Debug|Any CPU
		{0FD8D039-6983-4336-9922-8F5BC795FB8C}.Release|Any CPU.ActiveCfg = Release|Any CPU
		{0FD8D039-6983-4336-9922-8F5BC795FB8C}.Release|Any CPU.Build.0 = Release|Any CPU
		{9BA70B77-CC37-4824-A8A5-4381620DCFFF}.Debug|Any CPU.ActiveCfg = Debug|Any CPU
		{9BA70B77-CC37-4824-A8A5-4381620DCFFF}.Debug|Any CPU.Build.0 = Debug|Any CPU
		{9BA70B77-CC37-4824-A8A5-4381620DCFFF}.Release|Any CPU.ActiveCfg = Release|Any CPU
		{9BA70B77-CC37-4824-A8A5-4381620DCFFF}.Release|Any CPU.Build.0 = Release|Any CPU
	EndGlobalSection
	GlobalSection(SolutionProperties) = preSolution
		HideSolutionNode = FALSE
	EndGlobalSection
	GlobalSection(ExtensibilityGlobals) = postSolution
		SolutionGuid = {8CFE341C-B1F4-4083-B921-9D27FC346C36}
	EndGlobalSection
EndGlobal
