
Microsoft Visual Studio Solution File, Format Version 12.00
# Visual Studio Version 16
VisualStudioVersion = 16.6.30114.105
MinimumVisualStudioVersion = 10.0.40219.1
Project("{FAE04EC0-301F-11D3-BF4B-00C04F79EFBC}") = "AddOneToTheNumber", "AddOneToTheNumber\AddOneToTheNumber.csproj", "{2209B1D2-7D9D-40E9-90A3-CCD0C8B627F7}"
EndProject
Project("{FAE04EC0-301F-11D3-BF4B-00C04F79EFBC}") = "AggressiveCows", "AggressiveCows\AggressiveCows.csproj", "{FA7D55EB-B6D8-40BE-90A9-EF7CB6FDCDAA}"
EndProject
Project("{FAE04EC0-301F-11D3-BF4B-00C04F79EFBC}") = "AllocateBooks", "AllocateBooks\AllocateBooks.csproj", "{99603729-C17A-4312-8085-D5B40AD0614C}"
EndProject
Project("{FAE04EC0-301F-11D3-BF4B-00C04F79EFBC}") = "AtLeast2GreaterElements", "AtLeast2GreaterElements\AtLeast2GreaterElements.csproj", "{E1579E96-6E28-4868-AAB1-CB7081E50B1B}"
EndProject
Project("{FAE04EC0-301F-11D3-BF4B-00C04F79EFBC}") = "AthMagicalNumber", "AthMagicalNumber\AthMagicalNumber.csproj", "{D47BF704-75D1-4290-9B2E-830D1652F7CD}"
EndProject
Project("{FAE04EC0-301F-11D3-BF4B-00C04F79EFBC}") = "BeggarsOutsideTemple", "BeggarsOutsideTemple\BeggarsOutsideTemple.csproj", "{1FA85E1B-F66B-42B7-BEEE-9309B297C82E}"
EndProject
Project("{FAE04EC0-301F-11D3-BF4B-00C04F79EFBC}") = "CountOfDivisors", "CountOfDivisors\CountOfDivisors.csproj", "{32965419-5B61-415B-BB93-C8D1D45B49DD}"
EndProject
Project("{FAE04EC0-301F-11D3-BF4B-00C04F79EFBC}") = "DeleteOne", "DeleteOne\DeleteOne.csproj", "{7C2EC4BF-A80F-4DF4-9329-5C09E8F04E7A}"
EndProject
Project("{FAE04EC0-301F-11D3-BF4B-00C04F79EFBC}") = "FirstMissingInteger", "FirstMissingInteger\FirstMissingInteger.csproj", "{162F2206-B584-4705-9BE5-28DF6F8940DA}"
EndProject
Project("{FAE04EC0-301F-11D3-BF4B-00C04F79EFBC}") = "MajorityElement", "MajorityElement\MajorityElement.csproj", "{8E176BCB-FF5A-4D85-8711-C59D12619DB1}"
EndProject
Project("{FAE04EC0-301F-11D3-BF4B-00C04F79EFBC}") = "MaxNonNegativeSubArray", "MaxNonNegativeSubArray\MaxNonNegativeSubArray.csproj", "{D8197396-D0ED-4272-B08E-11D94E52E16E}"
EndProject
Project("{FAE04EC0-301F-11D3-BF4B-00C04F79EFBC}") = "MaxSumContiguosSubArray", "MaxSumContiguosSubArray\MaxSumContiguosSubArray.csproj", "{3A947C65-D524-4C1C-81D1-24896E4F256D}"
EndProject
Project("{FAE04EC0-301F-11D3-BF4B-00C04F79EFBC}") = "MergeInterval", "MergeInterval\MergeInterval.csproj", "{6860B4B4-506A-4D1C-B387-A182EE71510A}"
EndProject
Project("{FAE04EC0-301F-11D3-BF4B-00C04F79EFBC}") = "NthMagicNumber", "NthMagicNumber\NthMagicNumber.csproj", "{96879F44-5684-4AEC-9AE4-22B98C8DA284}"
EndProject
Project("{FAE04EC0-301F-11D3-BF4B-00C04F79EFBC}") = "PalindromeInteger", "PalindromeInteger\PalindromeInteger.csproj", "{D5B517EF-3295-4255-9E8F-D6881910689E}"
EndProject
Project("{FAE04EC0-301F-11D3-BF4B-00C04F79EFBC}") = "PickFromBothSides", "PickFromBothSides\PickFromBothSides.csproj", "{C3B9D0AC-4384-45F9-A875-83BB0E2D903B}"
EndProject
Project("{FAE04EC0-301F-11D3-BF4B-00C04F79EFBC}") = "RainWaterTrapped", "RainWaterTrapped\RainWaterTrapped.csproj", "{7B50BB36-B078-44C8-9E21-18B0826FF649}"
EndProject
Project("{FAE04EC0-301F-11D3-BF4B-00C04F79EFBC}") = "RecursivePalidrome", "RecursivePalidrome\RecursivePalidrome.csproj", "{B8545FC0-4D5F-41E8-9CFF-CEE4148AAD49}"
EndProject
Project("{FAE04EC0-301F-11D3-BF4B-00C04F79EFBC}") = "ReverseBits", "ReverseBits\ReverseBits.csproj", "{BA21331A-A6DF-43F1-8CCB-171BB5CB619F}"
EndProject
Project("{FAE04EC0-301F-11D3-BF4B-00C04F79EFBC}") = "SingleNumberIII", "SingleNumberIII\SingleNumberIII.csproj", "{B2E06CA7-EF1E-4374-98F9-772631C8D0D5}"
EndProject
Project("{FAE04EC0-301F-11D3-BF4B-00C04F79EFBC}") = "SmallestGoodBase", "SmallestGoodBase\SmallestGoodBase.csproj", "{4C19DE5F-5B97-413D-BD99-67256E794465}"
EndProject
Project("{FAE04EC0-301F-11D3-BF4B-00C04F79EFBC}") = "SpecialInteger", "SpecialInteger\SpecialInteger.csproj", "{68EFFAB2-599D-4AE4-9E2E-E1CD2EBF0E56}"
EndProject
Project("{FAE04EC0-301F-11D3-BF4B-00C04F79EFBC}") = "TitleNumber", "TitleNumber\TitleNumber.csproj", "{B342FEAE-D496-45BC-B3D3-048BC81F2AF8}"
EndProject
Project("{FAE04EC0-301F-11D3-BF4B-00C04F79EFBC}") = "TrailingZerosInFactorial", "TrailingZerosInFactorial\TrailingZerosInFactorial.csproj", "{ADB7EA67-AC02-4CD3-9A31-ED685D8ABE17}"
EndProject
Project("{FAE04EC0-301F-11D3-BF4B-00C04F79EFBC}") = "VeryLargePower", "VeryLargePower\VeryLargePower.csproj", "{911768CD-2232-4421-A335-CE3F1AB2F323}"
EndProject
Global
	GlobalSection(SolutionConfigurationPlatforms) = preSolution
		Debug|Any CPU = Debug|Any CPU
		Debug|x64 = Debug|x64
		Debug|x86 = Debug|x86
		Release|Any CPU = Release|Any CPU
		Release|x64 = Release|x64
		Release|x86 = Release|x86
	EndGlobalSection
	GlobalSection(SolutionProperties) = preSolution
		HideSolutionNode = FALSE
	EndGlobalSection
	GlobalSection(ProjectConfigurationPlatforms) = postSolution
		{2209B1D2-7D9D-40E9-90A3-CCD0C8B627F7}.Debug|Any CPU.ActiveCfg = Debug|Any CPU
		{2209B1D2-7D9D-40E9-90A3-CCD0C8B627F7}.Debug|Any CPU.Build.0 = Debug|Any CPU
		{2209B1D2-7D9D-40E9-90A3-CCD0C8B627F7}.Debug|x64.ActiveCfg = Debug|Any CPU
		{2209B1D2-7D9D-40E9-90A3-CCD0C8B627F7}.Debug|x64.Build.0 = Debug|Any CPU
		{2209B1D2-7D9D-40E9-90A3-CCD0C8B627F7}.Debug|x86.ActiveCfg = Debug|Any CPU
		{2209B1D2-7D9D-40E9-90A3-CCD0C8B627F7}.Debug|x86.Build.0 = Debug|Any CPU
		{2209B1D2-7D9D-40E9-90A3-CCD0C8B627F7}.Release|Any CPU.ActiveCfg = Release|Any CPU
		{2209B1D2-7D9D-40E9-90A3-CCD0C8B627F7}.Release|Any CPU.Build.0 = Release|Any CPU
		{2209B1D2-7D9D-40E9-90A3-CCD0C8B627F7}.Release|x64.ActiveCfg = Release|Any CPU
		{2209B1D2-7D9D-40E9-90A3-CCD0C8B627F7}.Release|x64.Build.0 = Release|Any CPU
		{2209B1D2-7D9D-40E9-90A3-CCD0C8B627F7}.Release|x86.ActiveCfg = Release|Any CPU
		{2209B1D2-7D9D-40E9-90A3-CCD0C8B627F7}.Release|x86.Build.0 = Release|Any CPU
		{FA7D55EB-B6D8-40BE-90A9-EF7CB6FDCDAA}.Debug|Any CPU.ActiveCfg = Debug|Any CPU
		{FA7D55EB-B6D8-40BE-90A9-EF7CB6FDCDAA}.Debug|Any CPU.Build.0 = Debug|Any CPU
		{FA7D55EB-B6D8-40BE-90A9-EF7CB6FDCDAA}.Debug|x64.ActiveCfg = Debug|Any CPU
		{FA7D55EB-B6D8-40BE-90A9-EF7CB6FDCDAA}.Debug|x64.Build.0 = Debug|Any CPU
		{FA7D55EB-B6D8-40BE-90A9-EF7CB6FDCDAA}.Debug|x86.ActiveCfg = Debug|Any CPU
		{FA7D55EB-B6D8-40BE-90A9-EF7CB6FDCDAA}.Debug|x86.Build.0 = Debug|Any CPU
		{FA7D55EB-B6D8-40BE-90A9-EF7CB6FDCDAA}.Release|Any CPU.ActiveCfg = Release|Any CPU
		{FA7D55EB-B6D8-40BE-90A9-EF7CB6FDCDAA}.Release|Any CPU.Build.0 = Release|Any CPU
		{FA7D55EB-B6D8-40BE-90A9-EF7CB6FDCDAA}.Release|x64.ActiveCfg = Release|Any CPU
		{FA7D55EB-B6D8-40BE-90A9-EF7CB6FDCDAA}.Release|x64.Build.0 = Release|Any CPU
		{FA7D55EB-B6D8-40BE-90A9-EF7CB6FDCDAA}.Release|x86.ActiveCfg = Release|Any CPU
		{FA7D55EB-B6D8-40BE-90A9-EF7CB6FDCDAA}.Release|x86.Build.0 = Release|Any CPU
		{99603729-C17A-4312-8085-D5B40AD0614C}.Debug|Any CPU.ActiveCfg = Debug|Any CPU
		{99603729-C17A-4312-8085-D5B40AD0614C}.Debug|Any CPU.Build.0 = Debug|Any CPU
		{99603729-C17A-4312-8085-D5B40AD0614C}.Debug|x64.ActiveCfg = Debug|Any CPU
		{99603729-C17A-4312-8085-D5B40AD0614C}.Debug|x64.Build.0 = Debug|Any CPU
		{99603729-C17A-4312-8085-D5B40AD0614C}.Debug|x86.ActiveCfg = Debug|Any CPU
		{99603729-C17A-4312-8085-D5B40AD0614C}.Debug|x86.Build.0 = Debug|Any CPU
		{99603729-C17A-4312-8085-D5B40AD0614C}.Release|Any CPU.ActiveCfg = Release|Any CPU
		{99603729-C17A-4312-8085-D5B40AD0614C}.Release|Any CPU.Build.0 = Release|Any CPU
		{99603729-C17A-4312-8085-D5B40AD0614C}.Release|x64.ActiveCfg = Release|Any CPU
		{99603729-C17A-4312-8085-D5B40AD0614C}.Release|x64.Build.0 = Release|Any CPU
		{99603729-C17A-4312-8085-D5B40AD0614C}.Release|x86.ActiveCfg = Release|Any CPU
		{99603729-C17A-4312-8085-D5B40AD0614C}.Release|x86.Build.0 = Release|Any CPU
		{E1579E96-6E28-4868-AAB1-CB7081E50B1B}.Debug|Any CPU.ActiveCfg = Debug|Any CPU
		{E1579E96-6E28-4868-AAB1-CB7081E50B1B}.Debug|Any CPU.Build.0 = Debug|Any CPU
		{E1579E96-6E28-4868-AAB1-CB7081E50B1B}.Debug|x64.ActiveCfg = Debug|Any CPU
		{E1579E96-6E28-4868-AAB1-CB7081E50B1B}.Debug|x64.Build.0 = Debug|Any CPU
		{E1579E96-6E28-4868-AAB1-CB7081E50B1B}.Debug|x86.ActiveCfg = Debug|Any CPU
		{E1579E96-6E28-4868-AAB1-CB7081E50B1B}.Debug|x86.Build.0 = Debug|Any CPU
		{E1579E96-6E28-4868-AAB1-CB7081E50B1B}.Release|Any CPU.ActiveCfg = Release|Any CPU
		{E1579E96-6E28-4868-AAB1-CB7081E50B1B}.Release|Any CPU.Build.0 = Release|Any CPU
		{E1579E96-6E28-4868-AAB1-CB7081E50B1B}.Release|x64.ActiveCfg = Release|Any CPU
		{E1579E96-6E28-4868-AAB1-CB7081E50B1B}.Release|x64.Build.0 = Release|Any CPU
		{E1579E96-6E28-4868-AAB1-CB7081E50B1B}.Release|x86.ActiveCfg = Release|Any CPU
		{E1579E96-6E28-4868-AAB1-CB7081E50B1B}.Release|x86.Build.0 = Release|Any CPU
		{D47BF704-75D1-4290-9B2E-830D1652F7CD}.Debug|Any CPU.ActiveCfg = Debug|Any CPU
		{D47BF704-75D1-4290-9B2E-830D1652F7CD}.Debug|Any CPU.Build.0 = Debug|Any CPU
		{D47BF704-75D1-4290-9B2E-830D1652F7CD}.Debug|x64.ActiveCfg = Debug|Any CPU
		{D47BF704-75D1-4290-9B2E-830D1652F7CD}.Debug|x64.Build.0 = Debug|Any CPU
		{D47BF704-75D1-4290-9B2E-830D1652F7CD}.Debug|x86.ActiveCfg = Debug|Any CPU
		{D47BF704-75D1-4290-9B2E-830D1652F7CD}.Debug|x86.Build.0 = Debug|Any CPU
		{D47BF704-75D1-4290-9B2E-830D1652F7CD}.Release|Any CPU.ActiveCfg = Release|Any CPU
		{D47BF704-75D1-4290-9B2E-830D1652F7CD}.Release|Any CPU.Build.0 = Release|Any CPU
		{D47BF704-75D1-4290-9B2E-830D1652F7CD}.Release|x64.ActiveCfg = Release|Any CPU
		{D47BF704-75D1-4290-9B2E-830D1652F7CD}.Release|x64.Build.0 = Release|Any CPU
		{D47BF704-75D1-4290-9B2E-830D1652F7CD}.Release|x86.ActiveCfg = Release|Any CPU
		{D47BF704-75D1-4290-9B2E-830D1652F7CD}.Release|x86.Build.0 = Release|Any CPU
		{1FA85E1B-F66B-42B7-BEEE-9309B297C82E}.Debug|Any CPU.ActiveCfg = Debug|Any CPU
		{1FA85E1B-F66B-42B7-BEEE-9309B297C82E}.Debug|Any CPU.Build.0 = Debug|Any CPU
		{1FA85E1B-F66B-42B7-BEEE-9309B297C82E}.Debug|x64.ActiveCfg = Debug|Any CPU
		{1FA85E1B-F66B-42B7-BEEE-9309B297C82E}.Debug|x64.Build.0 = Debug|Any CPU
		{1FA85E1B-F66B-42B7-BEEE-9309B297C82E}.Debug|x86.ActiveCfg = Debug|Any CPU
		{1FA85E1B-F66B-42B7-BEEE-9309B297C82E}.Debug|x86.Build.0 = Debug|Any CPU
		{1FA85E1B-F66B-42B7-BEEE-9309B297C82E}.Release|Any CPU.ActiveCfg = Release|Any CPU
		{1FA85E1B-F66B-42B7-BEEE-9309B297C82E}.Release|Any CPU.Build.0 = Release|Any CPU
		{1FA85E1B-F66B-42B7-BEEE-9309B297C82E}.Release|x64.ActiveCfg = Release|Any CPU
		{1FA85E1B-F66B-42B7-BEEE-9309B297C82E}.Release|x64.Build.0 = Release|Any CPU
		{1FA85E1B-F66B-42B7-BEEE-9309B297C82E}.Release|x86.ActiveCfg = Release|Any CPU
		{1FA85E1B-F66B-42B7-BEEE-9309B297C82E}.Release|x86.Build.0 = Release|Any CPU
		{32965419-5B61-415B-BB93-C8D1D45B49DD}.Debug|Any CPU.ActiveCfg = Debug|Any CPU
		{32965419-5B61-415B-BB93-C8D1D45B49DD}.Debug|Any CPU.Build.0 = Debug|Any CPU
		{32965419-5B61-415B-BB93-C8D1D45B49DD}.Debug|x64.ActiveCfg = Debug|Any CPU
		{32965419-5B61-415B-BB93-C8D1D45B49DD}.Debug|x64.Build.0 = Debug|Any CPU
		{32965419-5B61-415B-BB93-C8D1D45B49DD}.Debug|x86.ActiveCfg = Debug|Any CPU
		{32965419-5B61-415B-BB93-C8D1D45B49DD}.Debug|x86.Build.0 = Debug|Any CPU
		{32965419-5B61-415B-BB93-C8D1D45B49DD}.Release|Any CPU.ActiveCfg = Release|Any CPU
		{32965419-5B61-415B-BB93-C8D1D45B49DD}.Release|Any CPU.Build.0 = Release|Any CPU
		{32965419-5B61-415B-BB93-C8D1D45B49DD}.Release|x64.ActiveCfg = Release|Any CPU
		{32965419-5B61-415B-BB93-C8D1D45B49DD}.Release|x64.Build.0 = Release|Any CPU
		{32965419-5B61-415B-BB93-C8D1D45B49DD}.Release|x86.ActiveCfg = Release|Any CPU
		{32965419-5B61-415B-BB93-C8D1D45B49DD}.Release|x86.Build.0 = Release|Any CPU
		{7C2EC4BF-A80F-4DF4-9329-5C09E8F04E7A}.Debug|Any CPU.ActiveCfg = Debug|Any CPU
		{7C2EC4BF-A80F-4DF4-9329-5C09E8F04E7A}.Debug|Any CPU.Build.0 = Debug|Any CPU
		{7C2EC4BF-A80F-4DF4-9329-5C09E8F04E7A}.Debug|x64.ActiveCfg = Debug|Any CPU
		{7C2EC4BF-A80F-4DF4-9329-5C09E8F04E7A}.Debug|x64.Build.0 = Debug|Any CPU
		{7C2EC4BF-A80F-4DF4-9329-5C09E8F04E7A}.Debug|x86.ActiveCfg = Debug|Any CPU
		{7C2EC4BF-A80F-4DF4-9329-5C09E8F04E7A}.Debug|x86.Build.0 = Debug|Any CPU
		{7C2EC4BF-A80F-4DF4-9329-5C09E8F04E7A}.Release|Any CPU.ActiveCfg = Release|Any CPU
		{7C2EC4BF-A80F-4DF4-9329-5C09E8F04E7A}.Release|Any CPU.Build.0 = Release|Any CPU
		{7C2EC4BF-A80F-4DF4-9329-5C09E8F04E7A}.Release|x64.ActiveCfg = Release|Any CPU
		{7C2EC4BF-A80F-4DF4-9329-5C09E8F04E7A}.Release|x64.Build.0 = Release|Any CPU
		{7C2EC4BF-A80F-4DF4-9329-5C09E8F04E7A}.Release|x86.ActiveCfg = Release|Any CPU
		{7C2EC4BF-A80F-4DF4-9329-5C09E8F04E7A}.Release|x86.Build.0 = Release|Any CPU
		{162F2206-B584-4705-9BE5-28DF6F8940DA}.Debug|Any CPU.ActiveCfg = Debug|Any CPU
		{162F2206-B584-4705-9BE5-28DF6F8940DA}.Debug|Any CPU.Build.0 = Debug|Any CPU
		{162F2206-B584-4705-9BE5-28DF6F8940DA}.Debug|x64.ActiveCfg = Debug|Any CPU
		{162F2206-B584-4705-9BE5-28DF6F8940DA}.Debug|x64.Build.0 = Debug|Any CPU
		{162F2206-B584-4705-9BE5-28DF6F8940DA}.Debug|x86.ActiveCfg = Debug|Any CPU
		{162F2206-B584-4705-9BE5-28DF6F8940DA}.Debug|x86.Build.0 = Debug|Any CPU
		{162F2206-B584-4705-9BE5-28DF6F8940DA}.Release|Any CPU.ActiveCfg = Release|Any CPU
		{162F2206-B584-4705-9BE5-28DF6F8940DA}.Release|Any CPU.Build.0 = Release|Any CPU
		{162F2206-B584-4705-9BE5-28DF6F8940DA}.Release|x64.ActiveCfg = Release|Any CPU
		{162F2206-B584-4705-9BE5-28DF6F8940DA}.Release|x64.Build.0 = Release|Any CPU
		{162F2206-B584-4705-9BE5-28DF6F8940DA}.Release|x86.ActiveCfg = Release|Any CPU
		{162F2206-B584-4705-9BE5-28DF6F8940DA}.Release|x86.Build.0 = Release|Any CPU
		{8E176BCB-FF5A-4D85-8711-C59D12619DB1}.Debug|Any CPU.ActiveCfg = Debug|Any CPU
		{8E176BCB-FF5A-4D85-8711-C59D12619DB1}.Debug|Any CPU.Build.0 = Debug|Any CPU
		{8E176BCB-FF5A-4D85-8711-C59D12619DB1}.Debug|x64.ActiveCfg = Debug|Any CPU
		{8E176BCB-FF5A-4D85-8711-C59D12619DB1}.Debug|x64.Build.0 = Debug|Any CPU
		{8E176BCB-FF5A-4D85-8711-C59D12619DB1}.Debug|x86.ActiveCfg = Debug|Any CPU
		{8E176BCB-FF5A-4D85-8711-C59D12619DB1}.Debug|x86.Build.0 = Debug|Any CPU
		{8E176BCB-FF5A-4D85-8711-C59D12619DB1}.Release|Any CPU.ActiveCfg = Release|Any CPU
		{8E176BCB-FF5A-4D85-8711-C59D12619DB1}.Release|Any CPU.Build.0 = Release|Any CPU
		{8E176BCB-FF5A-4D85-8711-C59D12619DB1}.Release|x64.ActiveCfg = Release|Any CPU
		{8E176BCB-FF5A-4D85-8711-C59D12619DB1}.Release|x64.Build.0 = Release|Any CPU
		{8E176BCB-FF5A-4D85-8711-C59D12619DB1}.Release|x86.ActiveCfg = Release|Any CPU
		{8E176BCB-FF5A-4D85-8711-C59D12619DB1}.Release|x86.Build.0 = Release|Any CPU
		{D8197396-D0ED-4272-B08E-11D94E52E16E}.Debug|Any CPU.ActiveCfg = Debug|Any CPU
		{D8197396-D0ED-4272-B08E-11D94E52E16E}.Debug|Any CPU.Build.0 = Debug|Any CPU
		{D8197396-D0ED-4272-B08E-11D94E52E16E}.Debug|x64.ActiveCfg = Debug|Any CPU
		{D8197396-D0ED-4272-B08E-11D94E52E16E}.Debug|x64.Build.0 = Debug|Any CPU
		{D8197396-D0ED-4272-B08E-11D94E52E16E}.Debug|x86.ActiveCfg = Debug|Any CPU
		{D8197396-D0ED-4272-B08E-11D94E52E16E}.Debug|x86.Build.0 = Debug|Any CPU
		{D8197396-D0ED-4272-B08E-11D94E52E16E}.Release|Any CPU.ActiveCfg = Release|Any CPU
		{D8197396-D0ED-4272-B08E-11D94E52E16E}.Release|Any CPU.Build.0 = Release|Any CPU
		{D8197396-D0ED-4272-B08E-11D94E52E16E}.Release|x64.ActiveCfg = Release|Any CPU
		{D8197396-D0ED-4272-B08E-11D94E52E16E}.Release|x64.Build.0 = Release|Any CPU
		{D8197396-D0ED-4272-B08E-11D94E52E16E}.Release|x86.ActiveCfg = Release|Any CPU
		{D8197396-D0ED-4272-B08E-11D94E52E16E}.Release|x86.Build.0 = Release|Any CPU
		{3A947C65-D524-4C1C-81D1-24896E4F256D}.Debug|Any CPU.ActiveCfg = Debug|Any CPU
		{3A947C65-D524-4C1C-81D1-24896E4F256D}.Debug|Any CPU.Build.0 = Debug|Any CPU
		{3A947C65-D524-4C1C-81D1-24896E4F256D}.Debug|x64.ActiveCfg = Debug|Any CPU
		{3A947C65-D524-4C1C-81D1-24896E4F256D}.Debug|x64.Build.0 = Debug|Any CPU
		{3A947C65-D524-4C1C-81D1-24896E4F256D}.Debug|x86.ActiveCfg = Debug|Any CPU
		{3A947C65-D524-4C1C-81D1-24896E4F256D}.Debug|x86.Build.0 = Debug|Any CPU
		{3A947C65-D524-4C1C-81D1-24896E4F256D}.Release|Any CPU.ActiveCfg = Release|Any CPU
		{3A947C65-D524-4C1C-81D1-24896E4F256D}.Release|Any CPU.Build.0 = Release|Any CPU
		{3A947C65-D524-4C1C-81D1-24896E4F256D}.Release|x64.ActiveCfg = Release|Any CPU
		{3A947C65-D524-4C1C-81D1-24896E4F256D}.Release|x64.Build.0 = Release|Any CPU
		{3A947C65-D524-4C1C-81D1-24896E4F256D}.Release|x86.ActiveCfg = Release|Any CPU
		{3A947C65-D524-4C1C-81D1-24896E4F256D}.Release|x86.Build.0 = Release|Any CPU
		{6860B4B4-506A-4D1C-B387-A182EE71510A}.Debug|Any CPU.ActiveCfg = Debug|Any CPU
		{6860B4B4-506A-4D1C-B387-A182EE71510A}.Debug|Any CPU.Build.0 = Debug|Any CPU
		{6860B4B4-506A-4D1C-B387-A182EE71510A}.Debug|x64.ActiveCfg = Debug|Any CPU
		{6860B4B4-506A-4D1C-B387-A182EE71510A}.Debug|x64.Build.0 = Debug|Any CPU
		{6860B4B4-506A-4D1C-B387-A182EE71510A}.Debug|x86.ActiveCfg = Debug|Any CPU
		{6860B4B4-506A-4D1C-B387-A182EE71510A}.Debug|x86.Build.0 = Debug|Any CPU
		{6860B4B4-506A-4D1C-B387-A182EE71510A}.Release|Any CPU.ActiveCfg = Release|Any CPU
		{6860B4B4-506A-4D1C-B387-A182EE71510A}.Release|Any CPU.Build.0 = Release|Any CPU
		{6860B4B4-506A-4D1C-B387-A182EE71510A}.Release|x64.ActiveCfg = Release|Any CPU
		{6860B4B4-506A-4D1C-B387-A182EE71510A}.Release|x64.Build.0 = Release|Any CPU
		{6860B4B4-506A-4D1C-B387-A182EE71510A}.Release|x86.ActiveCfg = Release|Any CPU
		{6860B4B4-506A-4D1C-B387-A182EE71510A}.Release|x86.Build.0 = Release|Any CPU
		{96879F44-5684-4AEC-9AE4-22B98C8DA284}.Debug|Any CPU.ActiveCfg = Debug|Any CPU
		{96879F44-5684-4AEC-9AE4-22B98C8DA284}.Debug|Any CPU.Build.0 = Debug|Any CPU
		{96879F44-5684-4AEC-9AE4-22B98C8DA284}.Debug|x64.ActiveCfg = Debug|Any CPU
		{96879F44-5684-4AEC-9AE4-22B98C8DA284}.Debug|x64.Build.0 = Debug|Any CPU
		{96879F44-5684-4AEC-9AE4-22B98C8DA284}.Debug|x86.ActiveCfg = Debug|Any CPU
		{96879F44-5684-4AEC-9AE4-22B98C8DA284}.Debug|x86.Build.0 = Debug|Any CPU
		{96879F44-5684-4AEC-9AE4-22B98C8DA284}.Release|Any CPU.ActiveCfg = Release|Any CPU
		{96879F44-5684-4AEC-9AE4-22B98C8DA284}.Release|Any CPU.Build.0 = Release|Any CPU
		{96879F44-5684-4AEC-9AE4-22B98C8DA284}.Release|x64.ActiveCfg = Release|Any CPU
		{96879F44-5684-4AEC-9AE4-22B98C8DA284}.Release|x64.Build.0 = Release|Any CPU
		{96879F44-5684-4AEC-9AE4-22B98C8DA284}.Release|x86.ActiveCfg = Release|Any CPU
		{96879F44-5684-4AEC-9AE4-22B98C8DA284}.Release|x86.Build.0 = Release|Any CPU
		{D5B517EF-3295-4255-9E8F-D6881910689E}.Debug|Any CPU.ActiveCfg = Debug|Any CPU
		{D5B517EF-3295-4255-9E8F-D6881910689E}.Debug|Any CPU.Build.0 = Debug|Any CPU
		{D5B517EF-3295-4255-9E8F-D6881910689E}.Debug|x64.ActiveCfg = Debug|Any CPU
		{D5B517EF-3295-4255-9E8F-D6881910689E}.Debug|x64.Build.0 = Debug|Any CPU
		{D5B517EF-3295-4255-9E8F-D6881910689E}.Debug|x86.ActiveCfg = Debug|Any CPU
		{D5B517EF-3295-4255-9E8F-D6881910689E}.Debug|x86.Build.0 = Debug|Any CPU
		{D5B517EF-3295-4255-9E8F-D6881910689E}.Release|Any CPU.ActiveCfg = Release|Any CPU
		{D5B517EF-3295-4255-9E8F-D6881910689E}.Release|Any CPU.Build.0 = Release|Any CPU
		{D5B517EF-3295-4255-9E8F-D6881910689E}.Release|x64.ActiveCfg = Release|Any CPU
		{D5B517EF-3295-4255-9E8F-D6881910689E}.Release|x64.Build.0 = Release|Any CPU
		{D5B517EF-3295-4255-9E8F-D6881910689E}.Release|x86.ActiveCfg = Release|Any CPU
		{D5B517EF-3295-4255-9E8F-D6881910689E}.Release|x86.Build.0 = Release|Any CPU
		{C3B9D0AC-4384-45F9-A875-83BB0E2D903B}.Debug|Any CPU.ActiveCfg = Debug|Any CPU
		{C3B9D0AC-4384-45F9-A875-83BB0E2D903B}.Debug|Any CPU.Build.0 = Debug|Any CPU
		{C3B9D0AC-4384-45F9-A875-83BB0E2D903B}.Debug|x64.ActiveCfg = Debug|Any CPU
		{C3B9D0AC-4384-45F9-A875-83BB0E2D903B}.Debug|x64.Build.0 = Debug|Any CPU
		{C3B9D0AC-4384-45F9-A875-83BB0E2D903B}.Debug|x86.ActiveCfg = Debug|Any CPU
		{C3B9D0AC-4384-45F9-A875-83BB0E2D903B}.Debug|x86.Build.0 = Debug|Any CPU
		{C3B9D0AC-4384-45F9-A875-83BB0E2D903B}.Release|Any CPU.ActiveCfg = Release|Any CPU
		{C3B9D0AC-4384-45F9-A875-83BB0E2D903B}.Release|Any CPU.Build.0 = Release|Any CPU
		{C3B9D0AC-4384-45F9-A875-83BB0E2D903B}.Release|x64.ActiveCfg = Release|Any CPU
		{C3B9D0AC-4384-45F9-A875-83BB0E2D903B}.Release|x64.Build.0 = Release|Any CPU
		{C3B9D0AC-4384-45F9-A875-83BB0E2D903B}.Release|x86.ActiveCfg = Release|Any CPU
		{C3B9D0AC-4384-45F9-A875-83BB0E2D903B}.Release|x86.Build.0 = Release|Any CPU
		{7B50BB36-B078-44C8-9E21-18B0826FF649}.Debug|Any CPU.ActiveCfg = Debug|Any CPU
		{7B50BB36-B078-44C8-9E21-18B0826FF649}.Debug|Any CPU.Build.0 = Debug|Any CPU
		{7B50BB36-B078-44C8-9E21-18B0826FF649}.Debug|x64.ActiveCfg = Debug|Any CPU
		{7B50BB36-B078-44C8-9E21-18B0826FF649}.Debug|x64.Build.0 = Debug|Any CPU
		{7B50BB36-B078-44C8-9E21-18B0826FF649}.Debug|x86.ActiveCfg = Debug|Any CPU
		{7B50BB36-B078-44C8-9E21-18B0826FF649}.Debug|x86.Build.0 = Debug|Any CPU
		{7B50BB36-B078-44C8-9E21-18B0826FF649}.Release|Any CPU.ActiveCfg = Release|Any CPU
		{7B50BB36-B078-44C8-9E21-18B0826FF649}.Release|Any CPU.Build.0 = Release|Any CPU
		{7B50BB36-B078-44C8-9E21-18B0826FF649}.Release|x64.ActiveCfg = Release|Any CPU
		{7B50BB36-B078-44C8-9E21-18B0826FF649}.Release|x64.Build.0 = Release|Any CPU
		{7B50BB36-B078-44C8-9E21-18B0826FF649}.Release|x86.ActiveCfg = Release|Any CPU
		{7B50BB36-B078-44C8-9E21-18B0826FF649}.Release|x86.Build.0 = Release|Any CPU
		{B8545FC0-4D5F-41E8-9CFF-CEE4148AAD49}.Debug|Any CPU.ActiveCfg = Debug|Any CPU
		{B8545FC0-4D5F-41E8-9CFF-CEE4148AAD49}.Debug|Any CPU.Build.0 = Debug|Any CPU
		{B8545FC0-4D5F-41E8-9CFF-CEE4148AAD49}.Debug|x64.ActiveCfg = Debug|Any CPU
		{B8545FC0-4D5F-41E8-9CFF-CEE4148AAD49}.Debug|x64.Build.0 = Debug|Any CPU
		{B8545FC0-4D5F-41E8-9CFF-CEE4148AAD49}.Debug|x86.ActiveCfg = Debug|Any CPU
		{B8545FC0-4D5F-41E8-9CFF-CEE4148AAD49}.Debug|x86.Build.0 = Debug|Any CPU
		{B8545FC0-4D5F-41E8-9CFF-CEE4148AAD49}.Release|Any CPU.ActiveCfg = Release|Any CPU
		{B8545FC0-4D5F-41E8-9CFF-CEE4148AAD49}.Release|Any CPU.Build.0 = Release|Any CPU
		{B8545FC0-4D5F-41E8-9CFF-CEE4148AAD49}.Release|x64.ActiveCfg = Release|Any CPU
		{B8545FC0-4D5F-41E8-9CFF-CEE4148AAD49}.Release|x64.Build.0 = Release|Any CPU
		{B8545FC0-4D5F-41E8-9CFF-CEE4148AAD49}.Release|x86.ActiveCfg = Release|Any CPU
		{B8545FC0-4D5F-41E8-9CFF-CEE4148AAD49}.Release|x86.Build.0 = Release|Any CPU
		{BA21331A-A6DF-43F1-8CCB-171BB5CB619F}.Debug|Any CPU.ActiveCfg = Debug|Any CPU
		{BA21331A-A6DF-43F1-8CCB-171BB5CB619F}.Debug|Any CPU.Build.0 = Debug|Any CPU
		{BA21331A-A6DF-43F1-8CCB-171BB5CB619F}.Debug|x64.ActiveCfg = Debug|Any CPU
		{BA21331A-A6DF-43F1-8CCB-171BB5CB619F}.Debug|x64.Build.0 = Debug|Any CPU
		{BA21331A-A6DF-43F1-8CCB-171BB5CB619F}.Debug|x86.ActiveCfg = Debug|Any CPU
		{BA21331A-A6DF-43F1-8CCB-171BB5CB619F}.Debug|x86.Build.0 = Debug|Any CPU
		{BA21331A-A6DF-43F1-8CCB-171BB5CB619F}.Release|Any CPU.ActiveCfg = Release|Any CPU
		{BA21331A-A6DF-43F1-8CCB-171BB5CB619F}.Release|Any CPU.Build.0 = Release|Any CPU
		{BA21331A-A6DF-43F1-8CCB-171BB5CB619F}.Release|x64.ActiveCfg = Release|Any CPU
		{BA21331A-A6DF-43F1-8CCB-171BB5CB619F}.Release|x64.Build.0 = Release|Any CPU
		{BA21331A-A6DF-43F1-8CCB-171BB5CB619F}.Release|x86.ActiveCfg = Release|Any CPU
		{BA21331A-A6DF-43F1-8CCB-171BB5CB619F}.Release|x86.Build.0 = Release|Any CPU
		{B2E06CA7-EF1E-4374-98F9-772631C8D0D5}.Debug|Any CPU.ActiveCfg = Debug|Any CPU
		{B2E06CA7-EF1E-4374-98F9-772631C8D0D5}.Debug|Any CPU.Build.0 = Debug|Any CPU
		{B2E06CA7-EF1E-4374-98F9-772631C8D0D5}.Debug|x64.ActiveCfg = Debug|Any CPU
		{B2E06CA7-EF1E-4374-98F9-772631C8D0D5}.Debug|x64.Build.0 = Debug|Any CPU
		{B2E06CA7-EF1E-4374-98F9-772631C8D0D5}.Debug|x86.ActiveCfg = Debug|Any CPU
		{B2E06CA7-EF1E-4374-98F9-772631C8D0D5}.Debug|x86.Build.0 = Debug|Any CPU
		{B2E06CA7-EF1E-4374-98F9-772631C8D0D5}.Release|Any CPU.ActiveCfg = Release|Any CPU
		{B2E06CA7-EF1E-4374-98F9-772631C8D0D5}.Release|Any CPU.Build.0 = Release|Any CPU
		{B2E06CA7-EF1E-4374-98F9-772631C8D0D5}.Release|x64.ActiveCfg = Release|Any CPU
		{B2E06CA7-EF1E-4374-98F9-772631C8D0D5}.Release|x64.Build.0 = Release|Any CPU
		{B2E06CA7-EF1E-4374-98F9-772631C8D0D5}.Release|x86.ActiveCfg = Release|Any CPU
		{B2E06CA7-EF1E-4374-98F9-772631C8D0D5}.Release|x86.Build.0 = Release|Any CPU
		{4C19DE5F-5B97-413D-BD99-67256E794465}.Debug|Any CPU.ActiveCfg = Debug|Any CPU
		{4C19DE5F-5B97-413D-BD99-67256E794465}.Debug|Any CPU.Build.0 = Debug|Any CPU
		{4C19DE5F-5B97-413D-BD99-67256E794465}.Debug|x64.ActiveCfg = Debug|Any CPU
		{4C19DE5F-5B97-413D-BD99-67256E794465}.Debug|x64.Build.0 = Debug|Any CPU
		{4C19DE5F-5B97-413D-BD99-67256E794465}.Debug|x86.ActiveCfg = Debug|Any CPU
		{4C19DE5F-5B97-413D-BD99-67256E794465}.Debug|x86.Build.0 = Debug|Any CPU
		{4C19DE5F-5B97-413D-BD99-67256E794465}.Release|Any CPU.ActiveCfg = Release|Any CPU
		{4C19DE5F-5B97-413D-BD99-67256E794465}.Release|Any CPU.Build.0 = Release|Any CPU
		{4C19DE5F-5B97-413D-BD99-67256E794465}.Release|x64.ActiveCfg = Release|Any CPU
		{4C19DE5F-5B97-413D-BD99-67256E794465}.Release|x64.Build.0 = Release|Any CPU
		{4C19DE5F-5B97-413D-BD99-67256E794465}.Release|x86.ActiveCfg = Release|Any CPU
		{4C19DE5F-5B97-413D-BD99-67256E794465}.Release|x86.Build.0 = Release|Any CPU
		{68EFFAB2-599D-4AE4-9E2E-E1CD2EBF0E56}.Debug|Any CPU.ActiveCfg = Debug|Any CPU
		{68EFFAB2-599D-4AE4-9E2E-E1CD2EBF0E56}.Debug|Any CPU.Build.0 = Debug|Any CPU
		{68EFFAB2-599D-4AE4-9E2E-E1CD2EBF0E56}.Debug|x64.ActiveCfg = Debug|Any CPU
		{68EFFAB2-599D-4AE4-9E2E-E1CD2EBF0E56}.Debug|x64.Build.0 = Debug|Any CPU
		{68EFFAB2-599D-4AE4-9E2E-E1CD2EBF0E56}.Debug|x86.ActiveCfg = Debug|Any CPU
		{68EFFAB2-599D-4AE4-9E2E-E1CD2EBF0E56}.Debug|x86.Build.0 = Debug|Any CPU
		{68EFFAB2-599D-4AE4-9E2E-E1CD2EBF0E56}.Release|Any CPU.ActiveCfg = Release|Any CPU
		{68EFFAB2-599D-4AE4-9E2E-E1CD2EBF0E56}.Release|Any CPU.Build.0 = Release|Any CPU
		{68EFFAB2-599D-4AE4-9E2E-E1CD2EBF0E56}.Release|x64.ActiveCfg = Release|Any CPU
		{68EFFAB2-599D-4AE4-9E2E-E1CD2EBF0E56}.Release|x64.Build.0 = Release|Any CPU
		{68EFFAB2-599D-4AE4-9E2E-E1CD2EBF0E56}.Release|x86.ActiveCfg = Release|Any CPU
		{68EFFAB2-599D-4AE4-9E2E-E1CD2EBF0E56}.Release|x86.Build.0 = Release|Any CPU
		{B342FEAE-D496-45BC-B3D3-048BC81F2AF8}.Debug|Any CPU.ActiveCfg = Debug|Any CPU
		{B342FEAE-D496-45BC-B3D3-048BC81F2AF8}.Debug|Any CPU.Build.0 = Debug|Any CPU
		{B342FEAE-D496-45BC-B3D3-048BC81F2AF8}.Debug|x64.ActiveCfg = Debug|Any CPU
		{B342FEAE-D496-45BC-B3D3-048BC81F2AF8}.Debug|x64.Build.0 = Debug|Any CPU
		{B342FEAE-D496-45BC-B3D3-048BC81F2AF8}.Debug|x86.ActiveCfg = Debug|Any CPU
		{B342FEAE-D496-45BC-B3D3-048BC81F2AF8}.Debug|x86.Build.0 = Debug|Any CPU
		{B342FEAE-D496-45BC-B3D3-048BC81F2AF8}.Release|Any CPU.ActiveCfg = Release|Any CPU
		{B342FEAE-D496-45BC-B3D3-048BC81F2AF8}.Release|Any CPU.Build.0 = Release|Any CPU
		{B342FEAE-D496-45BC-B3D3-048BC81F2AF8}.Release|x64.ActiveCfg = Release|Any CPU
		{B342FEAE-D496-45BC-B3D3-048BC81F2AF8}.Release|x64.Build.0 = Release|Any CPU
		{B342FEAE-D496-45BC-B3D3-048BC81F2AF8}.Release|x86.ActiveCfg = Release|Any CPU
		{B342FEAE-D496-45BC-B3D3-048BC81F2AF8}.Release|x86.Build.0 = Release|Any CPU
		{ADB7EA67-AC02-4CD3-9A31-ED685D8ABE17}.Debug|Any CPU.ActiveCfg = Debug|Any CPU
		{ADB7EA67-AC02-4CD3-9A31-ED685D8ABE17}.Debug|Any CPU.Build.0 = Debug|Any CPU
		{ADB7EA67-AC02-4CD3-9A31-ED685D8ABE17}.Debug|x64.ActiveCfg = Debug|Any CPU
		{ADB7EA67-AC02-4CD3-9A31-ED685D8ABE17}.Debug|x64.Build.0 = Debug|Any CPU
		{ADB7EA67-AC02-4CD3-9A31-ED685D8ABE17}.Debug|x86.ActiveCfg = Debug|Any CPU
		{ADB7EA67-AC02-4CD3-9A31-ED685D8ABE17}.Debug|x86.Build.0 = Debug|Any CPU
		{ADB7EA67-AC02-4CD3-9A31-ED685D8ABE17}.Release|Any CPU.ActiveCfg = Release|Any CPU
		{ADB7EA67-AC02-4CD3-9A31-ED685D8ABE17}.Release|Any CPU.Build.0 = Release|Any CPU
		{ADB7EA67-AC02-4CD3-9A31-ED685D8ABE17}.Release|x64.ActiveCfg = Release|Any CPU
		{ADB7EA67-AC02-4CD3-9A31-ED685D8ABE17}.Release|x64.Build.0 = Release|Any CPU
		{ADB7EA67-AC02-4CD3-9A31-ED685D8ABE17}.Release|x86.ActiveCfg = Release|Any CPU
		{ADB7EA67-AC02-4CD3-9A31-ED685D8ABE17}.Release|x86.Build.0 = Release|Any CPU
		{911768CD-2232-4421-A335-CE3F1AB2F323}.Debug|Any CPU.ActiveCfg = Debug|Any CPU
		{911768CD-2232-4421-A335-CE3F1AB2F323}.Debug|Any CPU.Build.0 = Debug|Any CPU
		{911768CD-2232-4421-A335-CE3F1AB2F323}.Debug|x64.ActiveCfg = Debug|Any CPU
		{911768CD-2232-4421-A335-CE3F1AB2F323}.Debug|x64.Build.0 = Debug|Any CPU
		{911768CD-2232-4421-A335-CE3F1AB2F323}.Debug|x86.ActiveCfg = Debug|Any CPU
		{911768CD-2232-4421-A335-CE3F1AB2F323}.Debug|x86.Build.0 = Debug|Any CPU
		{911768CD-2232-4421-A335-CE3F1AB2F323}.Release|Any CPU.ActiveCfg = Release|Any CPU
		{911768CD-2232-4421-A335-CE3F1AB2F323}.Release|Any CPU.Build.0 = Release|Any CPU
		{911768CD-2232-4421-A335-CE3F1AB2F323}.Release|x64.ActiveCfg = Release|Any CPU
		{911768CD-2232-4421-A335-CE3F1AB2F323}.Release|x64.Build.0 = Release|Any CPU
		{911768CD-2232-4421-A335-CE3F1AB2F323}.Release|x86.ActiveCfg = Release|Any CPU
		{911768CD-2232-4421-A335-CE3F1AB2F323}.Release|x86.Build.0 = Release|Any CPU
	EndGlobalSection
EndGlobal
