
Microsoft Visual Studio Solution File, Format Version 12.00
# Visual Studio Version 16
VisualStudioVersion = 16.0.31019.35
MinimumVisualStudioVersion = 10.0.40219.1
Project("{FAE04EC0-301F-11D3-BF4B-00C04F79EFBC}") = "SpiralMatrix", "SpiralMatrix\SpiralMatrix.csproj", "{C2425ED6-32F6-4A8A-8DD1-A0AC2E0C6710}"
EndProject
Global
	GlobalSection(SolutionConfigurationPlatforms) = preSolution
		Debug|Any CPU = Debug|Any CPU
		Release|Any CPU = Release|Any CPU
	EndGlobalSection
	GlobalSection(ProjectConfigurationPlatforms) = postSolution
		{C2425ED6-32F6-4A8A-8DD1-A0AC2E0C6710}.Debug|Any CPU.ActiveCfg = Debug|Any CPU
		{C2425ED6-32F6-4A8A-8DD1-A0AC2E0C6710}.Debug|Any CPU.Build.0 = Debug|Any CPU
		{C2425ED6-32F6-4A8A-8DD1-A0AC2E0C6710}.Release|Any CPU.ActiveCfg = Release|Any CPU
		{C2425ED6-32F6-4A8A-8DD1-A0AC2E0C6710}.Release|Any CPU.Build.0 = Release|Any CPU
	EndGlobalSection
	GlobalSection(SolutionProperties) = preSolution
		HideSolutionNode = FALSE
	EndGlobalSection
	GlobalSection(ExtensibilityGlobals) = postSolution
		SolutionGuid = {9EC5C2D6-3167-4310-A4E9-28AA5723C950}
	EndGlobalSection
EndGlobal
